PODS:
  - AVOSCloud (3.1.2.9)
  - AVOSCloudIM (3.1.2.9):
    - AVOSCloud
  - IQKeyboardManager (3.3.4)
  - ReactiveCocoa (2.0):
    - ReactiveCocoa/Core (= 2.0)
    - ReactiveCocoa/no-arc (= 2.0)
    - ReactiveCocoa/RACExtensions (= 2.0)
  - ReactiveCocoa/Core (2.0):
    - ReactiveCocoa/no-arc
  - ReactiveCocoa/no-arc (2.0)
  - ReactiveCocoa/RACExtensions (2.0):
    - ReactiveCocoa/Core

DEPENDENCIES:
  - AVOSCloud (= 3.1.2.9)
  - AVOSCloudIM (= 3.1.2.9)
  - IQKeyboardManager
  - ReactiveCocoa (= 2.0)

SPEC CHECKSUMS:
  AVOSCloud: 7d2406a4954c15c98363ce841b257b81cdba0bc9
  AVOSCloudIM: 07f8d18692923c70d909ec82b7776210d38535d5
  IQKeyboardManager: ac803e61e5b50efae6b3aeedd95a02c7c7d3b2b3
  ReactiveCocoa: c5347d7b1c348d22a85800e14e89da84c5254cfb

COCOAPODS: 0.39.0
