// !$*UTF8*$!
{
	archiveVersion = 1;
	classes = {
	};
	objectVersion = 46;
	objects = {

/* Begin PBXBuildFile section */
		B81FC9831CEEB2E7003DF197 /* FirendModel.m in Sources */ = {isa = PBXBuildFile; fileRef = B81FC9821CEEB2E7003DF197 /* FirendModel.m */; };
		B81FC98C1CEEFB52003DF197 /* SearchViewController.m in Sources */ = {isa = PBXBuildFile; fileRef = B81FC98A1CEEFB52003DF197 /* SearchViewController.m */; };
		B81FC98D1CEEFB52003DF197 /* SearchViewController.xib in Resources */ = {isa = PBXBuildFile; fileRef = B81FC98B1CEEFB52003DF197 /* SearchViewController.xib */; };
		B83284671CEDB09B003C8450 /* AVOSCloudManager.m in Sources */ = {isa = PBXBuildFile; fileRef = B83284661CEDB09B003C8450 /* AVOSCloudManager.m */; };
		B83C350E1CEC00AB0054C471 /* libAVOSCloud.a in Frameworks */ = {isa = PBXBuildFile; fileRef = B83C35081CEC00AB0054C471 /* libAVOSCloud.a */; };
		B83C350F1CEC00AB0054C471 /* libAVOSCloudIM.a in Frameworks */ = {isa = PBXBuildFile; fileRef = B83C35091CEC00AB0054C471 /* libAVOSCloudIM.a */; };
		B83C35101CEC00AB0054C471 /* libIQKeyboardManager.a in Frameworks */ = {isa = PBXBuildFile; fileRef = B83C350A1CEC00AB0054C471 /* libIQKeyboardManager.a */; };
		B83C35111CEC00AB0054C471 /* libMBProgressHUD.a in Frameworks */ = {isa = PBXBuildFile; fileRef = B83C350B1CEC00AB0054C471 /* libMBProgressHUD.a */; };
		B83C35121CEC00AB0054C471 /* libPods-MWX.a in Frameworks */ = {isa = PBXBuildFile; fileRef = B83C350C1CEC00AB0054C471 /* libPods-MWX.a */; };
		B83C35131CEC00AB0054C471 /* libReactiveCocoa.a in Frameworks */ = {isa = PBXBuildFile; fileRef = B83C350D1CEC00AB0054C471 /* libReactiveCocoa.a */; };
		B83C352C1CEC047C0054C471 /* icon.png in Resources */ = {isa = PBXBuildFile; fileRef = B83C352B1CEC047C0054C471 /* icon.png */; };
		B83C35621CEC70270054C471 /* SetCell.m in Sources */ = {isa = PBXBuildFile; fileRef = B83C35601CEC70270054C471 /* SetCell.m */; };
		B83C35631CEC70270054C471 /* SetCell.xib in Resources */ = {isa = PBXBuildFile; fileRef = B83C35611CEC70270054C471 /* SetCell.xib */; };
		B83C35661CEC703A0054C471 /* SetTableView.m in Sources */ = {isa = PBXBuildFile; fileRef = B83C35651CEC703A0054C471 /* SetTableView.m */; };
		B83C35691CEC705B0054C471 /* FourthViewController.m in Sources */ = {isa = PBXBuildFile; fileRef = B83C35681CEC705B0054C471 /* FourthViewController.m */; };
		B83C35831CEC71D10054C471 /* ListCell.m in Sources */ = {isa = PBXBuildFile; fileRef = B83C35811CEC71D10054C471 /* ListCell.m */; };
		B83C35841CEC71D10054C471 /* ListCell.xib in Resources */ = {isa = PBXBuildFile; fileRef = B83C35821CEC71D10054C471 /* ListCell.xib */; };
		B83C35871CEC71DC0054C471 /* ListTableView.m in Sources */ = {isa = PBXBuildFile; fileRef = B83C35861CEC71DC0054C471 /* ListTableView.m */; };
		B88993091CEAAE5D00E12523 /* main.m in Sources */ = {isa = PBXBuildFile; fileRef = B88993081CEAAE5D00E12523 /* main.m */; };
		B889930C1CEAAE5D00E12523 /* AppDelegate.m in Sources */ = {isa = PBXBuildFile; fileRef = B889930B1CEAAE5D00E12523 /* AppDelegate.m */; };
		B88993121CEAAE5D00E12523 /* Main.storyboard in Resources */ = {isa = PBXBuildFile; fileRef = B88993101CEAAE5D00E12523 /* Main.storyboard */; };
		B88993141CEAAE5D00E12523 /* Assets.xcassets in Resources */ = {isa = PBXBuildFile; fileRef = B88993131CEAAE5D00E12523 /* Assets.xcassets */; };
		B88993171CEAAE5D00E12523 /* LaunchScreen.storyboard in Resources */ = {isa = PBXBuildFile; fileRef = B88993151CEAAE5D00E12523 /* LaunchScreen.storyboard */; };
		B88993221CEAAE5D00E12523 /* MWXTests.m in Sources */ = {isa = PBXBuildFile; fileRef = B88993211CEAAE5D00E12523 /* MWXTests.m */; };
		B889932D1CEAAE5D00E12523 /* MWXUITests.m in Sources */ = {isa = PBXBuildFile; fileRef = B889932C1CEAAE5D00E12523 /* MWXUITests.m */; };
		B88993541CEAB09000E12523 /* FirstViewController.m in Sources */ = {isa = PBXBuildFile; fileRef = B88993531CEAB09000E12523 /* FirstViewController.m */; };
		B889935A1CEAB0CC00E12523 /* LoginTableViewController.m in Sources */ = {isa = PBXBuildFile; fileRef = B88993591CEAB0CC00E12523 /* LoginTableViewController.m */; };
		B889935D1CEAB0DD00E12523 /* SecondViewController.m in Sources */ = {isa = PBXBuildFile; fileRef = B889935C1CEAB0DD00E12523 /* SecondViewController.m */; };
		B88993601CEAB0EC00E12523 /* ThridViewController.m in Sources */ = {isa = PBXBuildFile; fileRef = B889935F1CEAB0EC00E12523 /* ThridViewController.m */; };
		B88993661CEAB15100E12523 /* BaseNavigationController.m in Sources */ = {isa = PBXBuildFile; fileRef = B88993651CEAB15100E12523 /* BaseNavigationController.m */; };
		B88993781CEAB81D00E12523 /* BaseTabBarController.m in Sources */ = {isa = PBXBuildFile; fileRef = B88993771CEAB81D00E12523 /* BaseTabBarController.m */; };
		B889938A1CEB049A00E12523 /* RegisterController.m in Sources */ = {isa = PBXBuildFile; fileRef = B88993891CEB049A00E12523 /* RegisterController.m */; };
		B889938D1CEB07CB00E12523 /* BaseViewController.m in Sources */ = {isa = PBXBuildFile; fileRef = B889938C1CEB07CB00E12523 /* BaseViewController.m */; };
		B88993911CEB0A7300E12523 /* AutoHideHub.m in Sources */ = {isa = PBXBuildFile; fileRef = B88993901CEB0A7300E12523 /* AutoHideHub.m */; };
/* End PBXBuildFile section */

/* Begin PBXContainerItemProxy section */
		B889931E1CEAAE5D00E12523 /* PBXContainerItemProxy */ = {
			isa = PBXContainerItemProxy;
			containerPortal = B88992FC1CEAAE5D00E12523 /* Project object */;
			proxyType = 1;
			remoteGlobalIDString = B88993031CEAAE5D00E12523;
			remoteInfo = MWX;
		};
		B88993291CEAAE5D00E12523 /* PBXContainerItemProxy */ = {
			isa = PBXContainerItemProxy;
			containerPortal = B88992FC1CEAAE5D00E12523 /* Project object */;
			proxyType = 1;
			remoteGlobalIDString = B88993031CEAAE5D00E12523;
			remoteInfo = MWX;
		};
/* End PBXContainerItemProxy section */

/* Begin PBXFileReference section */
		2A2C673E279F2A29E86B0726 /* libPods-MWX.a */ = {isa = PBXFileReference; explicitFileType = archive.ar; includeInIndex = 0; path = "libPods-MWX.a"; sourceTree = BUILT_PRODUCTS_DIR; };
		6B78C392992F9A54949CA50D /* Pods-MWX.debug.xcconfig */ = {isa = PBXFileReference; includeInIndex = 1; lastKnownFileType = text.xcconfig; name = "Pods-MWX.debug.xcconfig"; path = "Pods/Target Support Files/Pods-MWX/Pods-MWX.debug.xcconfig"; sourceTree = "<group>"; };
		B13466AEC02409271E5A7AA1 /* Pods-MWX.release.xcconfig */ = {isa = PBXFileReference; includeInIndex = 1; lastKnownFileType = text.xcconfig; name = "Pods-MWX.release.xcconfig"; path = "Pods/Target Support Files/Pods-MWX/Pods-MWX.release.xcconfig"; sourceTree = "<group>"; };
		B81FC9811CEEB2E7003DF197 /* FirendModel.h */ = {isa = PBXFileReference; fileEncoding = 4; lastKnownFileType = sourcecode.c.h; name = FirendModel.h; path = MWX/Second/FirendModel.h; sourceTree = SOURCE_ROOT; };
		B81FC9821CEEB2E7003DF197 /* FirendModel.m */ = {isa = PBXFileReference; fileEncoding = 4; lastKnownFileType = sourcecode.c.objc; name = FirendModel.m; path = MWX/Second/FirendModel.m; sourceTree = SOURCE_ROOT; };
		B81FC9891CEEFB52003DF197 /* SearchViewController.h */ = {isa = PBXFileReference; fileEncoding = 4; lastKnownFileType = sourcecode.c.h; path = SearchViewController.h; sourceTree = "<group>"; };
		B81FC98A1CEEFB52003DF197 /* SearchViewController.m */ = {isa = PBXFileReference; fileEncoding = 4; lastKnownFileType = sourcecode.c.objc; path = SearchViewController.m; sourceTree = "<group>"; };
		B81FC98B1CEEFB52003DF197 /* SearchViewController.xib */ = {isa = PBXFileReference; fileEncoding = 4; lastKnownFileType = file.xib; path = SearchViewController.xib; sourceTree = "<group>"; };
		B83284651CEDB09B003C8450 /* AVOSCloudManager.h */ = {isa = PBXFileReference; fileEncoding = 4; lastKnownFileType = sourcecode.c.h; path = AVOSCloudManager.h; sourceTree = "<group>"; };
		B83284661CEDB09B003C8450 /* AVOSCloudManager.m */ = {isa = PBXFileReference; fileEncoding = 4; lastKnownFileType = sourcecode.c.objc; path = AVOSCloudManager.m; sourceTree = "<group>"; };
		B83C34F01CEBFEA40054C471 /* libAVOSCloud.a */ = {isa = PBXFileReference; lastKnownFileType = archive.ar; name = libAVOSCloud.a; path = "Pods/../build/Debug-iphoneos/libAVOSCloud.a"; sourceTree = "<group>"; };
		B83C34F11CEBFEA40054C471 /* libAVOSCloudIM.a */ = {isa = PBXFileReference; lastKnownFileType = archive.ar; name = libAVOSCloudIM.a; path = "Pods/../build/Debug-iphoneos/libAVOSCloudIM.a"; sourceTree = "<group>"; };
		B83C34F21CEBFEA40054C471 /* libIQKeyboardManager.a */ = {isa = PBXFileReference; lastKnownFileType = archive.ar; name = libIQKeyboardManager.a; path = "Pods/../build/Debug-iphoneos/libIQKeyboardManager.a"; sourceTree = "<group>"; };
		B83C34F31CEBFEA40054C471 /* libMBProgressHUD.a */ = {isa = PBXFileReference; lastKnownFileType = archive.ar; name = libMBProgressHUD.a; path = "Pods/../build/Debug-iphoneos/libMBProgressHUD.a"; sourceTree = "<group>"; };
		B83C34F41CEBFEA40054C471 /* libPods-MWX.a */ = {isa = PBXFileReference; lastKnownFileType = archive.ar; name = "libPods-MWX.a"; path = "Pods/../build/Debug-iphoneos/libPods-MWX.a"; sourceTree = "<group>"; };
		B83C34F51CEBFEA40054C471 /* libReactiveCocoa.a */ = {isa = PBXFileReference; lastKnownFileType = archive.ar; name = libReactiveCocoa.a; path = "Pods/../build/Debug-iphoneos/libReactiveCocoa.a"; sourceTree = "<group>"; };
		B83C34FC1CEBFEB40054C471 /* libAVOSCloud.a */ = {isa = PBXFileReference; lastKnownFileType = archive.ar; name = libAVOSCloud.a; path = "Pods/../build/Debug-iphoneos/libAVOSCloud.a"; sourceTree = "<group>"; };
		B83C34FD1CEBFEB40054C471 /* libAVOSCloudIM.a */ = {isa = PBXFileReference; lastKnownFileType = archive.ar; name = libAVOSCloudIM.a; path = "Pods/../build/Debug-iphoneos/libAVOSCloudIM.a"; sourceTree = "<group>"; };
		B83C34FE1CEBFEB40054C471 /* libIQKeyboardManager.a */ = {isa = PBXFileReference; lastKnownFileType = archive.ar; name = libIQKeyboardManager.a; path = "Pods/../build/Debug-iphoneos/libIQKeyboardManager.a"; sourceTree = "<group>"; };
		B83C34FF1CEBFEB40054C471 /* libMBProgressHUD.a */ = {isa = PBXFileReference; lastKnownFileType = archive.ar; name = libMBProgressHUD.a; path = "Pods/../build/Debug-iphoneos/libMBProgressHUD.a"; sourceTree = "<group>"; };
		B83C35001CEBFEB40054C471 /* libPods-MWX.a */ = {isa = PBXFileReference; lastKnownFileType = archive.ar; name = "libPods-MWX.a"; path = "Pods/../build/Debug-iphoneos/libPods-MWX.a"; sourceTree = "<group>"; };
		B83C35011CEBFEB40054C471 /* libReactiveCocoa.a */ = {isa = PBXFileReference; lastKnownFileType = archive.ar; name = libReactiveCocoa.a; path = "Pods/../build/Debug-iphoneos/libReactiveCocoa.a"; sourceTree = "<group>"; };
		B83C35081CEC00AB0054C471 /* libAVOSCloud.a */ = {isa = PBXFileReference; lastKnownFileType = archive.ar; name = libAVOSCloud.a; path = "Pods/../build/Debug-iphoneos/libAVOSCloud.a"; sourceTree = "<group>"; };
		B83C35091CEC00AB0054C471 /* libAVOSCloudIM.a */ = {isa = PBXFileReference; lastKnownFileType = archive.ar; name = libAVOSCloudIM.a; path = "Pods/../build/Debug-iphoneos/libAVOSCloudIM.a"; sourceTree = "<group>"; };
		B83C350A1CEC00AB0054C471 /* libIQKeyboardManager.a */ = {isa = PBXFileReference; lastKnownFileType = archive.ar; name = libIQKeyboardManager.a; path = "Pods/../build/Debug-iphoneos/libIQKeyboardManager.a"; sourceTree = "<group>"; };
		B83C350B1CEC00AB0054C471 /* libMBProgressHUD.a */ = {isa = PBXFileReference; lastKnownFileType = archive.ar; name = libMBProgressHUD.a; path = "Pods/../build/Debug-iphoneos/libMBProgressHUD.a"; sourceTree = "<group>"; };
		B83C350C1CEC00AB0054C471 /* libPods-MWX.a */ = {isa = PBXFileReference; lastKnownFileType = archive.ar; name = "libPods-MWX.a"; path = "Pods/../build/Debug-iphoneos/libPods-MWX.a"; sourceTree = "<group>"; };
		B83C350D1CEC00AB0054C471 /* libReactiveCocoa.a */ = {isa = PBXFileReference; lastKnownFileType = archive.ar; name = libReactiveCocoa.a; path = "Pods/../build/Debug-iphoneos/libReactiveCocoa.a"; sourceTree = "<group>"; };
		B83C352B1CEC047C0054C471 /* icon.png */ = {isa = PBXFileReference; lastKnownFileType = image.png; path = icon.png; sourceTree = "<group>"; };
		B83C355F1CEC70270054C471 /* SetCell.h */ = {isa = PBXFileReference; fileEncoding = 4; lastKnownFileType = sourcecode.c.h; name = SetCell.h; path = MWX/Fourth/SetCell.h; sourceTree = SOURCE_ROOT; };
		B83C35601CEC70270054C471 /* SetCell.m */ = {isa = PBXFileReference; fileEncoding = 4; lastKnownFileType = sourcecode.c.objc; name = SetCell.m; path = MWX/Fourth/SetCell.m; sourceTree = SOURCE_ROOT; };
		B83C35611CEC70270054C471 /* SetCell.xib */ = {isa = PBXFileReference; fileEncoding = 4; lastKnownFileType = file.xib; name = SetCell.xib; path = MWX/Fourth/SetCell.xib; sourceTree = SOURCE_ROOT; };
		B83C35641CEC703A0054C471 /* SetTableView.h */ = {isa = PBXFileReference; fileEncoding = 4; lastKnownFileType = sourcecode.c.h; name = SetTableView.h; path = MWX/Fourth/SetTableView.h; sourceTree = SOURCE_ROOT; };
		B83C35651CEC703A0054C471 /* SetTableView.m */ = {isa = PBXFileReference; fileEncoding = 4; lastKnownFileType = sourcecode.c.objc; name = SetTableView.m; path = MWX/Fourth/SetTableView.m; sourceTree = SOURCE_ROOT; };
		B83C35671CEC705B0054C471 /* FourthViewController.h */ = {isa = PBXFileReference; fileEncoding = 4; lastKnownFileType = sourcecode.c.h; path = FourthViewController.h; sourceTree = "<group>"; };
		B83C35681CEC705B0054C471 /* FourthViewController.m */ = {isa = PBXFileReference; fileEncoding = 4; lastKnownFileType = sourcecode.c.objc; path = FourthViewController.m; sourceTree = "<group>"; };
		B83C35801CEC71D10054C471 /* ListCell.h */ = {isa = PBXFileReference; fileEncoding = 4; lastKnownFileType = sourcecode.c.h; name = ListCell.h; path = MWX/Second/ListCell.h; sourceTree = SOURCE_ROOT; };
		B83C35811CEC71D10054C471 /* ListCell.m */ = {isa = PBXFileReference; fileEncoding = 4; lastKnownFileType = sourcecode.c.objc; name = ListCell.m; path = MWX/Second/ListCell.m; sourceTree = SOURCE_ROOT; };
		B83C35821CEC71D10054C471 /* ListCell.xib */ = {isa = PBXFileReference; fileEncoding = 4; lastKnownFileType = file.xib; name = ListCell.xib; path = MWX/Second/ListCell.xib; sourceTree = SOURCE_ROOT; };
		B83C35851CEC71DC0054C471 /* ListTableView.h */ = {isa = PBXFileReference; fileEncoding = 4; lastKnownFileType = sourcecode.c.h; name = ListTableView.h; path = MWX/Second/ListTableView.h; sourceTree = SOURCE_ROOT; };
		B83C35861CEC71DC0054C471 /* ListTableView.m */ = {isa = PBXFileReference; fileEncoding = 4; lastKnownFileType = sourcecode.c.objc; name = ListTableView.m; path = MWX/Second/ListTableView.m; sourceTree = SOURCE_ROOT; };
		B88993041CEAAE5D00E12523 /* MWX.app */ = {isa = PBXFileReference; explicitFileType = wrapper.application; includeInIndex = 0; path = MWX.app; sourceTree = BUILT_PRODUCTS_DIR; };
		B88993081CEAAE5D00E12523 /* main.m */ = {isa = PBXFileReference; lastKnownFileType = sourcecode.c.objc; path = main.m; sourceTree = "<group>"; };
		B889930A1CEAAE5D00E12523 /* AppDelegate.h */ = {isa = PBXFileReference; lastKnownFileType = sourcecode.c.h; name = AppDelegate.h; path = ../AppDelegate.h; sourceTree = "<group>"; };
		B889930B1CEAAE5D00E12523 /* AppDelegate.m */ = {isa = PBXFileReference; lastKnownFileType = sourcecode.c.objc; name = AppDelegate.m; path = ../AppDelegate.m; sourceTree = "<group>"; };
		B88993111CEAAE5D00E12523 /* Base */ = {isa = PBXFileReference; lastKnownFileType = file.storyboard; name = Base; path = Base.lproj/Main.storyboard; sourceTree = "<group>"; };
		B88993131CEAAE5D00E12523 /* Assets.xcassets */ = {isa = PBXFileReference; lastKnownFileType = folder.assetcatalog; path = Assets.xcassets; sourceTree = "<group>"; };
		B88993161CEAAE5D00E12523 /* Base */ = {isa = PBXFileReference; lastKnownFileType = file.storyboard; name = Base; path = Base.lproj/LaunchScreen.storyboard; sourceTree = "<group>"; };
		B88993181CEAAE5D00E12523 /* Info.plist */ = {isa = PBXFileReference; lastKnownFileType = text.plist.xml; path = Info.plist; sourceTree = "<group>"; };
		B889931D1CEAAE5D00E12523 /* MWXTests.xctest */ = {isa = PBXFileReference; explicitFileType = wrapper.cfbundle; includeInIndex = 0; path = MWXTests.xctest; sourceTree = BUILT_PRODUCTS_DIR; };
		B88993211CEAAE5D00E12523 /* MWXTests.m */ = {isa = PBXFileReference; lastKnownFileType = sourcecode.c.objc; path = MWXTests.m; sourceTree = "<group>"; };
		B88993231CEAAE5D00E12523 /* Info.plist */ = {isa = PBXFileReference; lastKnownFileType = text.plist.xml; path = Info.plist; sourceTree = "<group>"; };
		B88993281CEAAE5D00E12523 /* MWXUITests.xctest */ = {isa = PBXFileReference; explicitFileType = wrapper.cfbundle; includeInIndex = 0; path = MWXUITests.xctest; sourceTree = BUILT_PRODUCTS_DIR; };
		B889932C1CEAAE5D00E12523 /* MWXUITests.m */ = {isa = PBXFileReference; lastKnownFileType = sourcecode.c.objc; path = MWXUITests.m; sourceTree = "<group>"; };
		B889932E1CEAAE5D00E12523 /* Info.plist */ = {isa = PBXFileReference; lastKnownFileType = text.plist.xml; path = Info.plist; sourceTree = "<group>"; };
		B88993521CEAB09000E12523 /* FirstViewController.h */ = {isa = PBXFileReference; fileEncoding = 4; lastKnownFileType = sourcecode.c.h; path = FirstViewController.h; sourceTree = "<group>"; };
		B88993531CEAB09000E12523 /* FirstViewController.m */ = {isa = PBXFileReference; fileEncoding = 4; lastKnownFileType = sourcecode.c.objc; path = FirstViewController.m; sourceTree = "<group>"; };
		B88993581CEAB0CC00E12523 /* LoginTableViewController.h */ = {isa = PBXFileReference; fileEncoding = 4; lastKnownFileType = sourcecode.c.h; path = LoginTableViewController.h; sourceTree = "<group>"; };
		B88993591CEAB0CC00E12523 /* LoginTableViewController.m */ = {isa = PBXFileReference; fileEncoding = 4; lastKnownFileType = sourcecode.c.objc; path = LoginTableViewController.m; sourceTree = "<group>"; };
		B889935B1CEAB0DD00E12523 /* SecondViewController.h */ = {isa = PBXFileReference; fileEncoding = 4; lastKnownFileType = sourcecode.c.h; path = SecondViewController.h; sourceTree = "<group>"; };
		B889935C1CEAB0DD00E12523 /* SecondViewController.m */ = {isa = PBXFileReference; fileEncoding = 4; lastKnownFileType = sourcecode.c.objc; path = SecondViewController.m; sourceTree = "<group>"; };
		B889935E1CEAB0EC00E12523 /* ThridViewController.h */ = {isa = PBXFileReference; fileEncoding = 4; lastKnownFileType = sourcecode.c.h; path = ThridViewController.h; sourceTree = "<group>"; };
		B889935F1CEAB0EC00E12523 /* ThridViewController.m */ = {isa = PBXFileReference; fileEncoding = 4; lastKnownFileType = sourcecode.c.objc; path = ThridViewController.m; sourceTree = "<group>"; };
		B88993641CEAB15100E12523 /* BaseNavigationController.h */ = {isa = PBXFileReference; fileEncoding = 4; lastKnownFileType = sourcecode.c.h; path = BaseNavigationController.h; sourceTree = "<group>"; };
		B88993651CEAB15100E12523 /* BaseNavigationController.m */ = {isa = PBXFileReference; fileEncoding = 4; lastKnownFileType = sourcecode.c.objc; path = BaseNavigationController.m; sourceTree = "<group>"; };
		B88993671CEAB15F00E12523 /* Common.h */ = {isa = PBXFileReference; lastKnownFileType = sourcecode.c.h; path = Common.h; sourceTree = "<group>"; };
		B88993761CEAB81D00E12523 /* BaseTabBarController.h */ = {isa = PBXFileReference; fileEncoding = 4; lastKnownFileType = sourcecode.c.h; path = BaseTabBarController.h; sourceTree = "<group>"; };
		B88993771CEAB81D00E12523 /* BaseTabBarController.m */ = {isa = PBXFileReference; fileEncoding = 4; lastKnownFileType = sourcecode.c.objc; path = BaseTabBarController.m; sourceTree = "<group>"; };
		B889937C1CEAC50200E12523 /* libAVOSCloud.a */ = {isa = PBXFileReference; lastKnownFileType = archive.ar; name = libAVOSCloud.a; path = "Pods/../build/Debug-iphoneos/libAVOSCloud.a"; sourceTree = "<group>"; };
		B889937D1CEAC50200E12523 /* libAVOSCloudIM.a */ = {isa = PBXFileReference; lastKnownFileType = archive.ar; name = libAVOSCloudIM.a; path = "Pods/../build/Debug-iphoneos/libAVOSCloudIM.a"; sourceTree = "<group>"; };
		B889937E1CEAC50200E12523 /* libIQKeyboardManager.a */ = {isa = PBXFileReference; lastKnownFileType = archive.ar; name = libIQKeyboardManager.a; path = "Pods/../build/Debug-iphoneos/libIQKeyboardManager.a"; sourceTree = "<group>"; };
		B889937F1CEAC50200E12523 /* libReactiveCocoa.a */ = {isa = PBXFileReference; lastKnownFileType = archive.ar; name = libReactiveCocoa.a; path = "Pods/../build/Debug-iphoneos/libReactiveCocoa.a"; sourceTree = "<group>"; };
		B88993881CEB049A00E12523 /* RegisterController.h */ = {isa = PBXFileReference; fileEncoding = 4; lastKnownFileType = sourcecode.c.h; path = RegisterController.h; sourceTree = "<group>"; };
		B88993891CEB049A00E12523 /* RegisterController.m */ = {isa = PBXFileReference; fileEncoding = 4; lastKnownFileType = sourcecode.c.objc; path = RegisterController.m; sourceTree = "<group>"; };
		B889938B1CEB07CB00E12523 /* BaseViewController.h */ = {isa = PBXFileReference; fileEncoding = 4; lastKnownFileType = sourcecode.c.h; path = BaseViewController.h; sourceTree = "<group>"; };
		B889938C1CEB07CB00E12523 /* BaseViewController.m */ = {isa = PBXFileReference; fileEncoding = 4; lastKnownFileType = sourcecode.c.objc; path = BaseViewController.m; sourceTree = "<group>"; };
		B889938F1CEB0A7300E12523 /* AutoHideHub.h */ = {isa = PBXFileReference; fileEncoding = 4; lastKnownFileType = sourcecode.c.h; path = AutoHideHub.h; sourceTree = "<group>"; };
		B88993901CEB0A7300E12523 /* AutoHideHub.m */ = {isa = PBXFileReference; fileEncoding = 4; lastKnownFileType = sourcecode.c.objc; path = AutoHideHub.m; sourceTree = "<group>"; };
/* End PBXFileReference section */

/* Begin PBXFrameworksBuildPhase section */
		B88993011CEAAE5D00E12523 /* Frameworks */ = {
			isa = PBXFrameworksBuildPhase;
			buildActionMask = 2147483647;
			files = (
				B83C350E1CEC00AB0054C471 /* libAVOSCloud.a in Frameworks */,
				B83C350F1CEC00AB0054C471 /* libAVOSCloudIM.a in Frameworks */,
				B83C35101CEC00AB0054C471 /* libIQKeyboardManager.a in Frameworks */,
				B83C35111CEC00AB0054C471 /* libMBProgressHUD.a in Frameworks */,
				B83C35121CEC00AB0054C471 /* libPods-MWX.a in Frameworks */,
				B83C35131CEC00AB0054C471 /* libReactiveCocoa.a in Frameworks */,
			);
			runOnlyForDeploymentPostprocessing = 0;
		};
		B889931A1CEAAE5D00E12523 /* Frameworks */ = {
			isa = PBXFrameworksBuildPhase;
			buildActionMask = 2147483647;
			files = (
			);
			runOnlyForDeploymentPostprocessing = 0;
		};
		B88993251CEAAE5D00E12523 /* Frameworks */ = {
			isa = PBXFrameworksBuildPhase;
			buildActionMask = 2147483647;
			files = (
			);
			runOnlyForDeploymentPostprocessing = 0;
		};
/* End PBXFrameworksBuildPhase section */

/* Begin PBXGroup section */
		B83284641CEDAF00003C8450 /* Tool */ = {
			isa = PBXGroup;
			children = (
				B83284651CEDB09B003C8450 /* AVOSCloudManager.h */,
				B83284661CEDB09B003C8450 /* AVOSCloudManager.m */,
			);
			path = Tool;
			sourceTree = "<group>";
		};
		B88992FB1CEAAE5D00E12523 = {
			isa = PBXGroup;
			children = (
				B88993061CEAAE5D00E12523 /* MWX */,
				B88993201CEAAE5D00E12523 /* MWXTests */,
				B889932B1CEAAE5D00E12523 /* MWXUITests */,
				B88993051CEAAE5D00E12523 /* Products */,
				BB3C47557431E4AE3AEEDFC3 /* Pods */,
				D35354AD5566672C931BA828 /* Frameworks */,
			);
			sourceTree = "<group>";
		};
		B88993051CEAAE5D00E12523 /* Products */ = {
			isa = PBXGroup;
			children = (
				B88993041CEAAE5D00E12523 /* MWX.app */,
				B889931D1CEAAE5D00E12523 /* MWXTests.xctest */,
				B88993281CEAAE5D00E12523 /* MWXUITests.xctest */,
			);
			name = Products;
			sourceTree = "<group>";
		};
		B88993061CEAAE5D00E12523 /* MWX */ = {
			isa = PBXGroup;
			children = (
				B83284641CEDAF00003C8450 /* Tool */,
				B889938E1CEB0A7300E12523 /* AutoHideHub */,
				B889933A1CEAB07A00E12523 /* Common */,
				B889933E1CEAB07A00E12523 /* First */,
				B88993421CEAB07A00E12523 /* Fourth */,
				B88993461CEAB07A00E12523 /* Login */,
				B889934A1CEAB07A00E12523 /* Second */,
				B889934E1CEAB07A00E12523 /* Third */,
				B88993131CEAAE5D00E12523 /* Assets.xcassets */,
				B88993151CEAAE5D00E12523 /* LaunchScreen.storyboard */,
				B88993181CEAAE5D00E12523 /* Info.plist */,
				B88993071CEAAE5D00E12523 /* Supporting Files */,
			);
			path = MWX;
			sourceTree = "<group>";
		};
		B88993071CEAAE5D00E12523 /* Supporting Files */ = {
			isa = PBXGroup;
			children = (
				B88993081CEAAE5D00E12523 /* main.m */,
			);
			name = "Supporting Files";
			sourceTree = "<group>";
		};
		B88993201CEAAE5D00E12523 /* MWXTests */ = {
			isa = PBXGroup;
			children = (
				B88993211CEAAE5D00E12523 /* MWXTests.m */,
				B88993231CEAAE5D00E12523 /* Info.plist */,
			);
			path = MWXTests;
			sourceTree = "<group>";
		};
		B889932B1CEAAE5D00E12523 /* MWXUITests */ = {
			isa = PBXGroup;
			children = (
				B889932C1CEAAE5D00E12523 /* MWXUITests.m */,
				B889932E1CEAAE5D00E12523 /* Info.plist */,
			);
			path = MWXUITests;
			sourceTree = "<group>";
		};
		B889933A1CEAB07A00E12523 /* Common */ = {
			isa = PBXGroup;
			children = (
				B88993641CEAB15100E12523 /* BaseNavigationController.h */,
				B88993651CEAB15100E12523 /* BaseNavigationController.m */,
				B889938B1CEB07CB00E12523 /* BaseViewController.h */,
				B889938C1CEB07CB00E12523 /* BaseViewController.m */,
				B88993761CEAB81D00E12523 /* BaseTabBarController.h */,
				B88993771CEAB81D00E12523 /* BaseTabBarController.m */,
				B88993671CEAB15F00E12523 /* Common.h */,
				B889930A1CEAAE5D00E12523 /* AppDelegate.h */,
				B889930B1CEAAE5D00E12523 /* AppDelegate.m */,
				B88993101CEAAE5D00E12523 /* Main.storyboard */,
			);
			path = Common;
			sourceTree = "<group>";
		};
		B889933E1CEAB07A00E12523 /* First */ = {
			isa = PBXGroup;
			children = (
				B88993521CEAB09000E12523 /* FirstViewController.h */,
				B88993531CEAB09000E12523 /* FirstViewController.m */,
				B889933F1CEAB07A00E12523 /* Model */,
				B88993401CEAB07A00E12523 /* ModelView */,
				B88993411CEAB07A00E12523 /* View */,
			);
			path = First;
			sourceTree = "<group>";
		};
		B889933F1CEAB07A00E12523 /* Model */ = {
			isa = PBXGroup;
			children = (
			);
			path = Model;
			sourceTree = "<group>";
		};
		B88993401CEAB07A00E12523 /* ModelView */ = {
			isa = PBXGroup;
			children = (
			);
			path = ModelView;
			sourceTree = "<group>";
		};
		B88993411CEAB07A00E12523 /* View */ = {
			isa = PBXGroup;
			children = (
			);
			path = View;
			sourceTree = "<group>";
		};
		B88993421CEAB07A00E12523 /* Fourth */ = {
			isa = PBXGroup;
			children = (
				B83C35671CEC705B0054C471 /* FourthViewController.h */,
				B83C35681CEC705B0054C471 /* FourthViewController.m */,
				B88993431CEAB07A00E12523 /* Model */,
				B88993441CEAB07A00E12523 /* ModelView */,
				B88993451CEAB07A00E12523 /* View */,
			);
			path = Fourth;
			sourceTree = "<group>";
		};
		B88993431CEAB07A00E12523 /* Model */ = {
			isa = PBXGroup;
			children = (
			);
			path = Model;
			sourceTree = "<group>";
		};
		B88993441CEAB07A00E12523 /* ModelView */ = {
			isa = PBXGroup;
			children = (
				B83C355F1CEC70270054C471 /* SetCell.h */,
				B83C35601CEC70270054C471 /* SetCell.m */,
				B83C35611CEC70270054C471 /* SetCell.xib */,
			);
			path = ModelView;
			sourceTree = "<group>";
		};
		B88993451CEAB07A00E12523 /* View */ = {
			isa = PBXGroup;
			children = (
				B83C35641CEC703A0054C471 /* SetTableView.h */,
				B83C35651CEC703A0054C471 /* SetTableView.m */,
			);
			path = View;
			sourceTree = "<group>";
		};
		B88993461CEAB07A00E12523 /* Login */ = {
			isa = PBXGroup;
			children = (
				B83C352B1CEC047C0054C471 /* icon.png */,
				B88993581CEAB0CC00E12523 /* LoginTableViewController.h */,
				B88993591CEAB0CC00E12523 /* LoginTableViewController.m */,
				B88993881CEB049A00E12523 /* RegisterController.h */,
				B88993891CEB049A00E12523 /* RegisterController.m */,
				B88993471CEAB07A00E12523 /* Model */,
				B88993481CEAB07A00E12523 /* ModelView */,
				B88993491CEAB07A00E12523 /* View */,
			);
			path = Login;
			sourceTree = "<group>";
		};
		B88993471CEAB07A00E12523 /* Model */ = {
			isa = PBXGroup;
			children = (
			);
			path = Model;
			sourceTree = "<group>";
		};
		B88993481CEAB07A00E12523 /* ModelView */ = {
			isa = PBXGroup;
			children = (
			);
			path = ModelView;
			sourceTree = "<group>";
		};
		B88993491CEAB07A00E12523 /* View */ = {
			isa = PBXGroup;
			children = (
			);
			path = View;
			sourceTree = "<group>";
		};
		B889934A1CEAB07A00E12523 /* Second */ = {
			isa = PBXGroup;
			children = (
				B889935B1CEAB0DD00E12523 /* SecondViewController.h */,
				B889935C1CEAB0DD00E12523 /* SecondViewController.m */,
				B81FC9891CEEFB52003DF197 /* SearchViewController.h */,
				B81FC98A1CEEFB52003DF197 /* SearchViewController.m */,
				B81FC98B1CEEFB52003DF197 /* SearchViewController.xib */,
				B889934B1CEAB07A00E12523 /* Model */,
				B889934C1CEAB07A00E12523 /* ModelView */,
				B889934D1CEAB07A00E12523 /* View */,
			);
			path = Second;
			sourceTree = "<group>";
		};
		B889934B1CEAB07A00E12523 /* Model */ = {
			isa = PBXGroup;
			children = (
				B81FC9811CEEB2E7003DF197 /* FirendModel.h */,
				B81FC9821CEEB2E7003DF197 /* FirendModel.m */,
			);
			path = Model;
			sourceTree = "<group>";
		};
		B889934C1CEAB07A00E12523 /* ModelView */ = {
			isa = PBXGroup;
			children = (
				B83C35801CEC71D10054C471 /* ListCell.h */,
				B83C35811CEC71D10054C471 /* ListCell.m */,
				B83C35821CEC71D10054C471 /* ListCell.xib */,
			);
			path = ModelView;
			sourceTree = "<group>";
		};
		B889934D1CEAB07A00E12523 /* View */ = {
			isa = PBXGroup;
			children = (
				B83C35851CEC71DC0054C471 /* ListTableView.h */,
				B83C35861CEC71DC0054C471 /* ListTableView.m */,
			);
			path = View;
			sourceTree = "<group>";
		};
		B889934E1CEAB07A00E12523 /* Third */ = {
			isa = PBXGroup;
			children = (
				B889935E1CEAB0EC00E12523 /* ThridViewController.h */,
				B889935F1CEAB0EC00E12523 /* ThridViewController.m */,
				B889934F1CEAB07A00E12523 /* Model */,
				B88993501CEAB07A00E12523 /* ModelView */,
				B88993511CEAB07A00E12523 /* View */,
			);
			path = Third;
			sourceTree = "<group>";
		};
		B889934F1CEAB07A00E12523 /* Model */ = {
			isa = PBXGroup;
			children = (
			);
			path = Model;
			sourceTree = "<group>";
		};
		B88993501CEAB07A00E12523 /* ModelView */ = {
			isa = PBXGroup;
			children = (
			);
			path = ModelView;
			sourceTree = "<group>";
		};
		B88993511CEAB07A00E12523 /* View */ = {
			isa = PBXGroup;
			children = (
			);
			path = View;
			sourceTree = "<group>";
		};
		B889938E1CEB0A7300E12523 /* AutoHideHub */ = {
			isa = PBXGroup;
			children = (
				B889938F1CEB0A7300E12523 /* AutoHideHub.h */,
				B88993901CEB0A7300E12523 /* AutoHideHub.m */,
			);
			path = AutoHideHub;
			sourceTree = "<group>";
		};
		BB3C47557431E4AE3AEEDFC3 /* Pods */ = {
			isa = PBXGroup;
			children = (
				6B78C392992F9A54949CA50D /* Pods-MWX.debug.xcconfig */,
				B13466AEC02409271E5A7AA1 /* Pods-MWX.release.xcconfig */,
			);
			name = Pods;
			sourceTree = "<group>";
		};
		D35354AD5566672C931BA828 /* Frameworks */ = {
			isa = PBXGroup;
			children = (
				B83C35081CEC00AB0054C471 /* libAVOSCloud.a */,
				B83C35091CEC00AB0054C471 /* libAVOSCloudIM.a */,
				B83C350A1CEC00AB0054C471 /* libIQKeyboardManager.a */,
				B83C350B1CEC00AB0054C471 /* libMBProgressHUD.a */,
				B83C350C1CEC00AB0054C471 /* libPods-MWX.a */,
				B83C350D1CEC00AB0054C471 /* libReactiveCocoa.a */,
				B83C34FC1CEBFEB40054C471 /* libAVOSCloud.a */,
				B83C34FD1CEBFEB40054C471 /* libAVOSCloudIM.a */,
				B83C34FE1CEBFEB40054C471 /* libIQKeyboardManager.a */,
				B83C34FF1CEBFEB40054C471 /* libMBProgressHUD.a */,
				B83C35001CEBFEB40054C471 /* libPods-MWX.a */,
				B83C35011CEBFEB40054C471 /* libReactiveCocoa.a */,
				B83C34F01CEBFEA40054C471 /* libAVOSCloud.a */,
				B83C34F11CEBFEA40054C471 /* libAVOSCloudIM.a */,
				B83C34F21CEBFEA40054C471 /* libIQKeyboardManager.a */,
				B83C34F31CEBFEA40054C471 /* libMBProgressHUD.a */,
				B83C34F41CEBFEA40054C471 /* libPods-MWX.a */,
				B83C34F51CEBFEA40054C471 /* libReactiveCocoa.a */,
				B889937C1CEAC50200E12523 /* libAVOSCloud.a */,
				B889937D1CEAC50200E12523 /* libAVOSCloudIM.a */,
				B889937E1CEAC50200E12523 /* libIQKeyboardManager.a */,
				B889937F1CEAC50200E12523 /* libReactiveCocoa.a */,
				2A2C673E279F2A29E86B0726 /* libPods-MWX.a */,
			);
			name = Frameworks;
			sourceTree = "<group>";
		};
/* End PBXGroup section */

/* Begin PBXNativeTarget section */
		B88993031CEAAE5D00E12523 /* MWX */ = {
			isa = PBXNativeTarget;
			buildConfigurationList = B88993311CEAAE5D00E12523 /* Build configuration list for PBXNativeTarget "MWX" */;
			buildPhases = (
				655B7643FD06E51216128E37 /* Check Pods Manifest.lock */,
				B88993001CEAAE5D00E12523 /* Sources */,
				B88993011CEAAE5D00E12523 /* Frameworks */,
				B88993021CEAAE5D00E12523 /* Resources */,
				13C1C36DF9C315B6E82E8215 /* Embed Pods Frameworks */,
				CB66F49DAB0EF719869C0692 /* Copy Pods Resources */,
			);
			buildRules = (
			);
			dependencies = (
			);
			name = MWX;
			productName = MWX;
			productReference = B88993041CEAAE5D00E12523 /* MWX.app */;
			productType = "com.apple.product-type.application";
		};
		B889931C1CEAAE5D00E12523 /* MWXTests */ = {
			isa = PBXNativeTarget;
			buildConfigurationList = B88993341CEAAE5D00E12523 /* Build configuration list for PBXNativeTarget "MWXTests" */;
			buildPhases = (
				B88993191CEAAE5D00E12523 /* Sources */,
				B889931A1CEAAE5D00E12523 /* Frameworks */,
				B889931B1CEAAE5D00E12523 /* Resources */,
			);
			buildRules = (
			);
			dependencies = (
				B889931F1CEAAE5D00E12523 /* PBXTargetDependency */,
			);
			name = MWXTests;
			productName = MWXTests;
			productReference = B889931D1CEAAE5D00E12523 /* MWXTests.xctest */;
			productType = "com.apple.product-type.bundle.unit-test";
		};
		B88993271CEAAE5D00E12523 /* MWXUITests */ = {
			isa = PBXNativeTarget;
			buildConfigurationList = B88993371CEAAE5D00E12523 /* Build configuration list for PBXNativeTarget "MWXUITests" */;
			buildPhases = (
				B88993241CEAAE5D00E12523 /* Sources */,
				B88993251CEAAE5D00E12523 /* Frameworks */,
				B88993261CEAAE5D00E12523 /* Resources */,
			);
			buildRules = (
			);
			dependencies = (
				B889932A1CEAAE5D00E12523 /* PBXTargetDependency */,
			);
			name = MWXUITests;
			productName = MWXUITests;
			productReference = B88993281CEAAE5D00E12523 /* MWXUITests.xctest */;
			productType = "com.apple.product-type.bundle.ui-testing";
		};
/* End PBXNativeTarget section */

/* Begin PBXProject section */
		B88992FC1CEAAE5D00E12523 /* Project object */ = {
			isa = PBXProject;
			attributes = {
				LastUpgradeCheck = 0710;
				ORGANIZATIONNAME = YQ;
				TargetAttributes = {
					B88993031CEAAE5D00E12523 = {
						CreatedOnToolsVersion = 7.1.1;
					};
					B889931C1CEAAE5D00E12523 = {
						CreatedOnToolsVersion = 7.1.1;
						TestTargetID = B88993031CEAAE5D00E12523;
					};
					B88993271CEAAE5D00E12523 = {
						CreatedOnToolsVersion = 7.1.1;
						TestTargetID = B88993031CEAAE5D00E12523;
					};
				};
			};
			buildConfigurationList = B88992FF1CEAAE5D00E12523 /* Build configuration list for PBXProject "MWX" */;
			compatibilityVersion = "Xcode 3.2";
			developmentRegion = English;
			hasScannedForEncodings = 0;
			knownRegions = (
				en,
				Base,
			);
			mainGroup = B88992FB1CEAAE5D00E12523;
			productRefGroup = B88993051CEAAE5D00E12523 /* Products */;
			projectDirPath = "";
			projectRoot = "";
			targets = (
				B88993031CEAAE5D00E12523 /* MWX */,
				B889931C1CEAAE5D00E12523 /* MWXTests */,
				B88993271CEAAE5D00E12523 /* MWXUITests */,
			);
		};
/* End PBXProject section */

/* Begin PBXResourcesBuildPhase section */
		B88993021CEAAE5D00E12523 /* Resources */ = {
			isa = PBXResourcesBuildPhase;
			buildActionMask = 2147483647;
			files = (
				B83C352C1CEC047C0054C471 /* icon.png in Resources */,
				B83C35841CEC71D10054C471 /* ListCell.xib in Resources */,
				B88993171CEAAE5D00E12523 /* LaunchScreen.storyboard in Resources */,
				B88993141CEAAE5D00E12523 /* Assets.xcassets in Resources */,
				B83C35631CEC70270054C471 /* SetCell.xib in Resources */,
				B88993121CEAAE5D00E12523 /* Main.storyboard in Resources */,
				B81FC98D1CEEFB52003DF197 /* SearchViewController.xib in Resources */,
			);
			runOnlyForDeploymentPostprocessing = 0;
		};
		B889931B1CEAAE5D00E12523 /* Resources */ = {
			isa = PBXResourcesBuildPhase;
			buildActionMask = 2147483647;
			files = (
			);
			runOnlyForDeploymentPostprocessing = 0;
		};
		B88993261CEAAE5D00E12523 /* Resources */ = {
			isa = PBXResourcesBuildPhase;
			buildActionMask = 2147483647;
			files = (
			);
			runOnlyForDeploymentPostprocessing = 0;
		};
/* End PBXResourcesBuildPhase section */

/* Begin PBXShellScriptBuildPhase section */
		13C1C36DF9C315B6E82E8215 /* Embed Pods Frameworks */ = {
			isa = PBXShellScriptBuildPhase;
			buildActionMask = 2147483647;
			files = (
			);
			inputPaths = (
			);
			name = "Embed Pods Frameworks";
			outputPaths = (
			);
			runOnlyForDeploymentPostprocessing = 0;
			shellPath = /bin/sh;
			shellScript = "\"${SRCROOT}/Pods/Target Support Files/Pods-MWX/Pods-MWX-frameworks.sh\"\n";
			showEnvVarsInLog = 0;
		};
		655B7643FD06E51216128E37 /* Check Pods Manifest.lock */ = {
			isa = PBXShellScriptBuildPhase;
			buildActionMask = 2147483647;
			files = (
			);
			inputPaths = (
			);
			name = "Check Pods Manifest.lock";
			outputPaths = (
			);
			runOnlyForDeploymentPostprocessing = 0;
			shellPath = /bin/sh;
			shellScript = "diff \"${PODS_ROOT}/../Podfile.lock\" \"${PODS_ROOT}/Manifest.lock\" > /dev/null\nif [[ $? != 0 ]] ; then\n    cat << EOM\nerror: The sandbox is not in sync with the Podfile.lock. Run 'pod install' or update your CocoaPods installation.\nEOM\n    exit 1\nfi\n";
			showEnvVarsInLog = 0;
		};
		CB66F49DAB0EF719869C0692 /* Copy Pods Resources */ = {
			isa = PBXShellScriptBuildPhase;
			buildActionMask = 2147483647;
			files = (
			);
			inputPaths = (
			);
			name = "Copy Pods Resources";
			outputPaths = (
			);
			runOnlyForDeploymentPostprocessing = 0;
			shellPath = /bin/sh;
			shellScript = "\"${SRCROOT}/Pods/Target Support Files/Pods-MWX/Pods-MWX-resources.sh\"\n";
			showEnvVarsInLog = 0;
		};
/* End PBXShellScriptBuildPhase section */

/* Begin PBXSourcesBuildPhase section */
		B88993001CEAAE5D00E12523 /* Sources */ = {
			isa = PBXSourcesBuildPhase;
			buildActionMask = 2147483647;
			files = (
				B83C35621CEC70270054C471 /* SetCell.m in Sources */,
				B889935A1CEAB0CC00E12523 /* LoginTableViewController.m in Sources */,
				B88993601CEAB0EC00E12523 /* ThridViewController.m in Sources */,
				B889938D1CEB07CB00E12523 /* BaseViewController.m in Sources */,
				B88993661CEAB15100E12523 /* BaseNavigationController.m in Sources */,
				B889938A1CEB049A00E12523 /* RegisterController.m in Sources */,
				B81FC98C1CEEFB52003DF197 /* SearchViewController.m in Sources */,
				B88993781CEAB81D00E12523 /* BaseTabBarController.m in Sources */,
				B889935D1CEAB0DD00E12523 /* SecondViewController.m in Sources */,
				B889930C1CEAAE5D00E12523 /* AppDelegate.m in Sources */,
				B83C35871CEC71DC0054C471 /* ListTableView.m in Sources */,
				B83C35661CEC703A0054C471 /* SetTableView.m in Sources */,
				B81FC9831CEEB2E7003DF197 /* FirendModel.m in Sources */,
				B88993091CEAAE5D00E12523 /* main.m in Sources */,
				B88993911CEB0A7300E12523 /* AutoHideHub.m in Sources */,
				B83284671CEDB09B003C8450 /* AVOSCloudManager.m in Sources */,
				B83C35691CEC705B0054C471 /* FourthViewController.m in Sources */,
				B83C35831CEC71D10054C471 /* ListCell.m in Sources */,
				B88993541CEAB09000E12523 /* FirstViewController.m in Sources */,
			);
			runOnlyForDeploymentPostprocessing = 0;
		};
		B88993191CEAAE5D00E12523 /* Sources */ = {
			isa = PBXSourcesBuildPhase;
			buildActionMask = 2147483647;
			files = (
				B88993221CEAAE5D00E12523 /* MWXTests.m in Sources */,
			);
			runOnlyForDeploymentPostprocessing = 0;
		};
		B88993241CEAAE5D00E12523 /* Sources */ = {
			isa = PBXSourcesBuildPhase;
			buildActionMask = 2147483647;
			files = (
				B889932D1CEAAE5D00E12523 /* MWXUITests.m in Sources */,
			);
			runOnlyForDeploymentPostprocessing = 0;
		};
/* End PBXSourcesBuildPhase section */

/* Begin PBXTargetDependency section */
		B889931F1CEAAE5D00E12523 /* PBXTargetDependency */ = {
			isa = PBXTargetDependency;
			target = B88993031CEAAE5D00E12523 /* MWX */;
			targetProxy = B889931E1CEAAE5D00E12523 /* PBXContainerItemProxy */;
		};
		B889932A1CEAAE5D00E12523 /* PBXTargetDependency */ = {
			isa = PBXTargetDependency;
			target = B88993031CEAAE5D00E12523 /* MWX */;
			targetProxy = B88993291CEAAE5D00E12523 /* PBXContainerItemProxy */;
		};
/* End PBXTargetDependency section */

/* Begin PBXVariantGroup section */
		B88993101CEAAE5D00E12523 /* Main.storyboard */ = {
			isa = PBXVariantGroup;
			children = (
				B88993111CEAAE5D00E12523 /* Base */,
			);
			name = Main.storyboard;
			path = ..;
			sourceTree = "<group>";
		};
		B88993151CEAAE5D00E12523 /* LaunchScreen.storyboard */ = {
			isa = PBXVariantGroup;
			children = (
				B88993161CEAAE5D00E12523 /* Base */,
			);
			name = LaunchScreen.storyboard;
			sourceTree = "<group>";
		};
/* End PBXVariantGroup section */

/* Begin XCBuildConfiguration section */
		B889932F1CEAAE5D00E12523 /* Debug */ = {
			isa = XCBuildConfiguration;
			buildSettings = {
				ALWAYS_SEARCH_USER_PATHS = NO;
				CLANG_CXX_LANGUAGE_STANDARD = "gnu++0x";
				CLANG_CXX_LIBRARY = "libc++";
				CLANG_ENABLE_MODULES = YES;
				CLANG_ENABLE_OBJC_ARC = YES;
				CLANG_WARN_BOOL_CONVERSION = YES;
				CLANG_WARN_CONSTANT_CONVERSION = YES;
				CLANG_WARN_DIRECT_OBJC_ISA_USAGE = YES_ERROR;
				CLANG_WARN_EMPTY_BODY = YES;
				CLANG_WARN_ENUM_CONVERSION = YES;
				CLANG_WARN_INT_CONVERSION = YES;
				CLANG_WARN_OBJC_ROOT_CLASS = YES_ERROR;
				CLANG_WARN_UNREACHABLE_CODE = YES;
				CLANG_WARN__DUPLICATE_METHOD_MATCH = YES;
				"CODE_SIGN_IDENTITY[sdk=iphoneos*]" = "iPhone Developer";
				COPY_PHASE_STRIP = NO;
				DEBUG_INFORMATION_FORMAT = dwarf;
				ENABLE_STRICT_OBJC_MSGSEND = YES;
				ENABLE_TESTABILITY = YES;
				GCC_C_LANGUAGE_STANDARD = gnu99;
				GCC_DYNAMIC_NO_PIC = NO;
				GCC_NO_COMMON_BLOCKS = YES;
				GCC_OPTIMIZATION_LEVEL = 0;
				GCC_PREPROCESSOR_DEFINITIONS = (
					"DEBUG=1",
					"$(inherited)",
				);
				GCC_WARN_64_TO_32_BIT_CONVERSION = YES;
				GCC_WARN_ABOUT_RETURN_TYPE = YES_ERROR;
				GCC_WARN_UNDECLARED_SELECTOR = YES;
				GCC_WARN_UNINITIALIZED_AUTOS = YES_AGGRESSIVE;
				GCC_WARN_UNUSED_FUNCTION = YES;
				GCC_WARN_UNUSED_VARIABLE = YES;
				IPHONEOS_DEPLOYMENT_TARGET = 9.1;
				MTL_ENABLE_DEBUG_INFO = YES;
				ONLY_ACTIVE_ARCH = YES;
				SDKROOT = iphoneos;
			};
			name = Debug;
		};
		B88993301CEAAE5D00E12523 /* Release */ = {
			isa = XCBuildConfiguration;
			buildSettings = {
				ALWAYS_SEARCH_USER_PATHS = NO;
				CLANG_CXX_LANGUAGE_STANDARD = "gnu++0x";
				CLANG_CXX_LIBRARY = "libc++";
				CLANG_ENABLE_MODULES = YES;
				CLANG_ENABLE_OBJC_ARC = YES;
				CLANG_WARN_BOOL_CONVERSION = YES;
				CLANG_WARN_CONSTANT_CONVERSION = YES;
				CLANG_WARN_DIRECT_OBJC_ISA_USAGE = YES_ERROR;
				CLANG_WARN_EMPTY_BODY = YES;
				CLANG_WARN_ENUM_CONVERSION = YES;
				CLANG_WARN_INT_CONVERSION = YES;
				CLANG_WARN_OBJC_ROOT_CLASS = YES_ERROR;
				CLANG_WARN_UNREACHABLE_CODE = YES;
				CLANG_WARN__DUPLICATE_METHOD_MATCH = YES;
				"CODE_SIGN_IDENTITY[sdk=iphoneos*]" = "iPhone Developer";
				COPY_PHASE_STRIP = NO;
				DEBUG_INFORMATION_FORMAT = "dwarf-with-dsym";
				ENABLE_NS_ASSERTIONS = NO;
				ENABLE_STRICT_OBJC_MSGSEND = YES;
				GCC_C_LANGUAGE_STANDARD = gnu99;
				GCC_NO_COMMON_BLOCKS = YES;
				GCC_WARN_64_TO_32_BIT_CONVERSION = YES;
				GCC_WARN_ABOUT_RETURN_TYPE = YES_ERROR;
				GCC_WARN_UNDECLARED_SELECTOR = YES;
				GCC_WARN_UNINITIALIZED_AUTOS = YES_AGGRESSIVE;
				GCC_WARN_UNUSED_FUNCTION = YES;
				GCC_WARN_UNUSED_VARIABLE = YES;
				IPHONEOS_DEPLOYMENT_TARGET = 9.1;
				MTL_ENABLE_DEBUG_INFO = NO;
				SDKROOT = iphoneos;
				VALIDATE_PRODUCT = YES;
			};
			name = Release;
		};
		B88993321CEAAE5D00E12523 /* Debug */ = {
			isa = XCBuildConfiguration;
			baseConfigurationReference = 6B78C392992F9A54949CA50D /* Pods-MWX.debug.xcconfig */;
			buildSettings = {
				ASSETCATALOG_COMPILER_APPICON_NAME = AppIcon;
				CLANG_ENABLE_MODULES = YES;
				ENABLE_BITCODE = NO;
				INFOPLIST_FILE = MWX/Info.plist;
				LD_RUNPATH_SEARCH_PATHS = "$(inherited) @executable_path/Frameworks";
				LIBRARY_SEARCH_PATHS = (
					"$(inherited)",
					"$(PROJECT_DIR)/build/Debug-iphoneos",
				);
				PRODUCT_BUNDLE_IDENTIFIER = "com.yqiang1000-163.MWX";
				PRODUCT_NAME = "$(TARGET_NAME)";
				SWIFT_OPTIMIZATION_LEVEL = "-Onone";
				VALID_ARCHS = "arm64 armv7 armv7s";
			};
			name = Debug;
		};
		B88993331CEAAE5D00E12523 /* Release */ = {
			isa = XCBuildConfiguration;
			baseConfigurationReference = B13466AEC02409271E5A7AA1 /* Pods-MWX.release.xcconfig */;
			buildSettings = {
				ASSETCATALOG_COMPILER_APPICON_NAME = AppIcon;
				CLANG_ENABLE_MODULES = YES;
				ENABLE_BITCODE = NO;
				INFOPLIST_FILE = MWX/Info.plist;
				LD_RUNPATH_SEARCH_PATHS = "$(inherited) @executable_path/Frameworks";
				LIBRARY_SEARCH_PATHS = (
					"$(inherited)",
					"$(PROJECT_DIR)/build/Debug-iphoneos",
				);
				PRODUCT_BUNDLE_IDENTIFIER = "com.yqiang1000-163.MWX";
				PRODUCT_NAME = "$(TARGET_NAME)";
				VALID_ARCHS = "arm64 armv7 armv7s";
			};
			name = Release;
		};
		B88993351CEAAE5D00E12523 /* Debug */ = {
			isa = XCBuildConfiguration;
			buildSettings = {
				BUNDLE_LOADER = "$(TEST_HOST)";
				INFOPLIST_FILE = MWXTests/Info.plist;
				LD_RUNPATH_SEARCH_PATHS = "$(inherited) @executable_path/Frameworks @loader_path/Frameworks";
				PRODUCT_BUNDLE_IDENTIFIER = "com.yqiang1000-163.MWXTests";
				PRODUCT_NAME = "$(TARGET_NAME)";
				TEST_HOST = "$(BUILT_PRODUCTS_DIR)/MWX.app/MWX";
			};
			name = Debug;
		};
		B88993361CEAAE5D00E12523 /* Release */ = {
			isa = XCBuildConfiguration;
			buildSettings = {
				BUNDLE_LOADER = "$(TEST_HOST)";
				INFOPLIST_FILE = MWXTests/Info.plist;
				LD_RUNPATH_SEARCH_PATHS = "$(inherited) @executable_path/Frameworks @loader_path/Frameworks";
				PRODUCT_BUNDLE_IDENTIFIER = "com.yqiang1000-163.MWXTests";
				PRODUCT_NAME = "$(TARGET_NAME)";
				TEST_HOST = "$(BUILT_PRODUCTS_DIR)/MWX.app/MWX";
			};
			name = Release;
		};
		B88993381CEAAE5D00E12523 /* Debug */ = {
			isa = XCBuildConfiguration;
			buildSettings = {
				INFOPLIST_FILE = MWXUITests/Info.plist;
				LD_RUNPATH_SEARCH_PATHS = "$(inherited) @executable_path/Frameworks @loader_path/Frameworks";
				PRODUCT_BUNDLE_IDENTIFIER = "com.yqiang1000-163.MWXUITests";
				PRODUCT_NAME = "$(TARGET_NAME)";
				TEST_TARGET_NAME = MWX;
				USES_XCTRUNNER = YES;
			};
			name = Debug;
		};
		B88993391CEAAE5D00E12523 /* Release */ = {
			isa = XCBuildConfiguration;
			buildSettings = {
				INFOPLIST_FILE = MWXUITests/Info.plist;
				LD_RUNPATH_SEARCH_PATHS = "$(inherited) @executable_path/Frameworks @loader_path/Frameworks";
				PRODUCT_BUNDLE_IDENTIFIER = "com.yqiang1000-163.MWXUITests";
				PRODUCT_NAME = "$(TARGET_NAME)";
				TEST_TARGET_NAME = MWX;
				USES_XCTRUNNER = YES;
			};
			name = Release;
		};
/* End XCBuildConfiguration section */

/* Begin XCConfigurationList section */
		B88992FF1CEAAE5D00E12523 /* Build configuration list for PBXProject "MWX" */ = {
			isa = XCConfigurationList;
			buildConfigurations = (
				B889932F1CEAAE5D00E12523 /* Debug */,
				B88993301CEAAE5D00E12523 /* Release */,
			);
			defaultConfigurationIsVisible = 0;
			defaultConfigurationName = Release;
		};
		B88993311CEAAE5D00E12523 /* Build configuration list for PBXNativeTarget "MWX" */ = {
			isa = XCConfigurationList;
			buildConfigurations = (
				B88993321CEAAE5D00E12523 /* Debug */,
				B88993331CEAAE5D00E12523 /* Release */,
			);
			defaultConfigurationIsVisible = 0;
			defaultConfigurationName = Release;
		};
		B88993341CEAAE5D00E12523 /* Build configuration list for PBXNativeTarget "MWXTests" */ = {
			isa = XCConfigurationList;
			buildConfigurations = (
				B88993351CEAAE5D00E12523 /* Debug */,
				B88993361CEAAE5D00E12523 /* Release */,
			);
			defaultConfigurationIsVisible = 0;
			defaultConfigurationName = Release;
		};
		B88993371CEAAE5D00E12523 /* Build configuration list for PBXNativeTarget "MWXUITests" */ = {
			isa = XCConfigurationList;
			buildConfigurations = (
				B88993381CEAAE5D00E12523 /* Debug */,
				B88993391CEAAE5D00E12523 /* Release */,
			);
			defaultConfigurationIsVisible = 0;
			defaultConfigurationName = Release;
		};
/* End XCConfigurationList section */
	};
	rootObject = B88992FC1CEAAE5D00E12523 /* Project object */;
}
